PODS:
  - Flutter (1.0.0)
  - flutter_blue_elves (0.0.1):
    - Flutter

DEPENDENCIES:
  - Flutter (from `Flutter`)
  - flutter_blue_elves (from `.symlinks/plugins/flutter_blue_elves/ios`)

EXTERNAL SOURCES:
  Flutter:
    :path: Flutter
  flutter_blue_elves:
    :path: ".symlinks/plugins/flutter_blue_elves/ios"

SPEC CHECKSUMS:
  Flutter: 50d75fe2f02b26cc09d224853bb45737f8b3214a
  flutter_blue_elves: 54b877926bb55dbb36447ff095b780ebca3650c5

PODFILE CHECKSUM: 8e679eca47255a8ca8067c4c67aab20e64cb974d

COCOAPODS: 1.11.3
